
Microsoft Visual Studio Solution File, Format Version 12.00
# Visual Studio Version 16
VisualStudioVersion = 16.0.33529.622
MinimumVisualStudioVersion = 10.0.40219.1
Project("{FAE04EC0-301F-11D3-BF4B-00C04F79EFBC}") = "AvatarApi", "AvatarApi\AvatarApi.csproj", "{DA0E34ED-9CFD-4FF7-9C0E-91EFEF0E25DD}"
EndProject
Global
	GlobalSection(SolutionConfigurationPlatforms) = preSolution
		Debug|Any CPU = Debug|Any CPU
		Release|Any CPU = Release|Any CPU
	EndGlobalSection
	GlobalSection(ProjectConfigurationPlatforms) = postSolution
		{DA0E34ED-9CFD-4FF7-9C0E-91EFEF0E25DD}.Debug|Any CPU.ActiveCfg = Debug|Any CPU
		{DA0E34ED-9CFD-4FF7-9C0E-91EFEF0E25DD}.Debug|Any CPU.Build.0 = Debug|Any CPU
		{DA0E34ED-9CFD-4FF7-9C0E-91EFEF0E25DD}.Release|Any CPU.ActiveCfg = Release|Any CPU
		{DA0E34ED-9CFD-4FF7-9C0E-91EFEF0E25DD}.Release|Any CPU.Build.0 = Release|Any CPU
	EndGlobalSection
	GlobalSection(SolutionProperties) = preSolution
		HideSolutionNode = FALSE
	EndGlobalSection
	GlobalSection(ExtensibilityGlobals) = postSolution
		SolutionGuid = {377138C1-5BD8-4C0B-A9AB-7EC308456831}
	EndGlobalSection
EndGlobal
